
Microsoft Visual Studio Solution File, Format Version 12.00
# Visual Studio Version 17
VisualStudioVersion = 17.0.32112.339
MinimumVisualStudioVersion = 10.0.40219.1
Project("{FAE04EC0-301F-11D3-BF4B-00C04F79EFBC}") = "demoapp", "demoapp\demoapp.csproj", "{372923BC-A5AD-460E-A689-8D7199E7843C}"
EndProject
Global
	GlobalSection(SolutionConfigurationPlatforms) = preSolution
		Debug|Any CPU = Debug|Any CPU
		Release|Any CPU = Release|Any CPU
	EndGlobalSection
	GlobalSection(ProjectConfigurationPlatforms) = postSolution
		{372923BC-A5AD-460E-A689-8D7199E7843C}.Debug|Any CPU.ActiveCfg = Debug|Any CPU
		{372923BC-A5AD-460E-A689-8D7199E7843C}.Debug|Any CPU.Build.0 = Debug|Any CPU
		{372923BC-A5AD-460E-A689-8D7199E7843C}.Release|Any CPU.ActiveCfg = Release|Any CPU
		{372923BC-A5AD-460E-A689-8D7199E7843C}.Release|Any CPU.Build.0 = Release|Any CPU
	EndGlobalSection
	GlobalSection(SolutionProperties) = preSolution
		HideSolutionNode = FALSE
	EndGlobalSection
	GlobalSection(ExtensibilityGlobals) = postSolution
		SolutionGuid = {4507F89D-D4C2-4D90-B06D-C1B160A8BE6B}
	EndGlobalSection
EndGlobal
